
Microsoft Visual Studio Solution File, Format Version 12.00
# Visual Studio Version 16
VisualStudioVersion = 16.0.29201.188
MinimumVisualStudioVersion = 10.0.40219.1
Project("{FAE04EC0-301F-11D3-BF4B-00C04F79EFBC}") = "Proyecto de ejemplo de MVC", "Proyecto de ejemplo de MVC\Proyecto de ejemplo de MVC.csproj", "{F3FA07C8-9CEC-4FAF-8BE5-C3235B5DABA9}"
EndProject
Global
	GlobalSection(SolutionConfigurationPlatforms) = preSolution
		Debug|Any CPU = Debug|Any CPU
		Release|Any CPU = Release|Any CPU
	EndGlobalSection
	GlobalSection(ProjectConfigurationPlatforms) = postSolution
		{F3FA07C8-9CEC-4FAF-8BE5-C3235B5DABA9}.Debug|Any CPU.ActiveCfg = Debug|Any CPU
		{F3FA07C8-9CEC-4FAF-8BE5-C3235B5DABA9}.Debug|Any CPU.Build.0 = Debug|Any CPU
		{F3FA07C8-9CEC-4FAF-8BE5-C3235B5DABA9}.Release|Any CPU.ActiveCfg = Release|Any CPU
		{F3FA07C8-9CEC-4FAF-8BE5-C3235B5DABA9}.Release|Any CPU.Build.0 = Release|Any CPU
	EndGlobalSection
	GlobalSection(SolutionProperties) = preSolution
		HideSolutionNode = FALSE
	EndGlobalSection
	GlobalSection(ExtensibilityGlobals) = postSolution
		SolutionGuid = {A09E36FC-9666-4E74-B4B7-AA882B2ED41F}
	EndGlobalSection
EndGlobal
